
Microsoft Visual Studio Solution File, Format Version 12.00
# Visual Studio Version 16
VisualStudioVersion = 16.0.29709.97
MinimumVisualStudioVersion = 10.0.40219.1
Project("{FAE04EC0-301F-11D3-BF4B-00C04F79EFBC}") = "BlazorAppDemo2", "BlazorAppDemo2.csproj", "{53BFA29E-0F69-4346-BF07-402D99940BB8}"
EndProject
Global
	GlobalSection(SolutionConfigurationPlatforms) = preSolution
		Debug|Any CPU = Debug|Any CPU
		Release|Any CPU = Release|Any CPU
	EndGlobalSection
	GlobalSection(ProjectConfigurationPlatforms) = postSolution
		{53BFA29E-0F69-4346-BF07-402D99940BB8}.Debug|Any CPU.ActiveCfg = Debug|Any CPU
		{53BFA29E-0F69-4346-BF07-402D99940BB8}.Debug|Any CPU.Build.0 = Debug|Any CPU
		{53BFA29E-0F69-4346-BF07-402D99940BB8}.Release|Any CPU.ActiveCfg = Release|Any CPU
		{53BFA29E-0F69-4346-BF07-402D99940BB8}.Release|Any CPU.Build.0 = Release|Any CPU
	EndGlobalSection
	GlobalSection(SolutionProperties) = preSolution
		HideSolutionNode = FALSE
	EndGlobalSection
	GlobalSection(ExtensibilityGlobals) = postSolution
		SolutionGuid = {CD1C1906-83D8-41AE-AA51-48EDC920DD8E}
	EndGlobalSection
EndGlobal
